github.com/clearblade/Go-SDK v0.0.0-20251230222414-744dff5c7cf0 h1:TrppqLV06r194tKuOUcCkFT3mixUL08A5J27NsM8vfM=
github.com/clearblade/Go-SDK v0.0.0-20251230222414-744dff5c7cf0/go.mod h1:3p+ysXnI08VdBAVYKe9dndqsRVSXvLgxQqZxLtp/mCo=
github.com/clearblade/cblib v0.0.0-20260319203427-ac5f84c1fab3 h1:1FpKzMF+cI+/KvrKS/HxIFjCO3G3scWjWKD3SgBMpi0=
github.com/clearblade/cblib v0.0.0-20260319203427-ac5f84c1fab3/go.mod h1:0VhYPPRRRkB7U5rxc5V33scSatrkOjZ6X2PNYfZynZw=
github.com/clearblade/go-utils v1.1.5-0.20240513160427-a20563b372a5 h1:bZ0WWsMfcukPazNfOG8rR/BXJieIDaF29YcJP0M1cu4=
github.com/clearblade/go-utils v1.1.5-0.20240513160427-a20563b372a5/go.mod h1:oCpgejfd+56P7nlPGDQ3mpYnQWHjoBjStBXAokqWKV4=
github.com/clearblade/mqtt_parsing v0.0.0-20160301165118-6ae49eac0961 h1:/T6Cq3XSwmuFoN6GDoPWgGpNW5X0Idx49DbfQazRUOQ=
github.com/clearblade/mqtt_parsing v0.0.0-20160301165118-6ae49eac0961/go.mod h1:xDP8quKbKO12G1Z5hbQFhAb9DekEe/sSKVOJdl9eRgA=
github.com/clearblade/paho.mqtt.golang v1.1.1 h1:S+F3zt3EuskNZvrP4NTgtH1gbY/gvz8VlP+a7UX2LWQ=
github.com/clearblade/paho.mqtt.golang v1.1.1/go.mod h1:rpDRqEw2Q7epfQYfcHwkHDHSzNzPB+BYO8zn7cGHsWo=
github.com/fatih/structs v1.1.0 h1:Q7juDM0QtcnhCpeyLGQKyg4TOIghuNXrkL32pHAUMxo=
github.com/fatih/structs v1.1.0/go.mod h1:9NiDSp5zOcgEDl+j00MP/WkGVPOlPRLejGD8Ga6PJ7M=
github.com/mitchellh/mapstructure v1.5.0 h1:jeMsZIYE/09sWLaz43PL7Gy6RuMjD2eJVyuac5Z2hdY=
github.com/mitchellh/mapstructure v1.5.0/go.mod h1:bFUtVrKA4DC2yAKiSyO/QUcy7e+RRV2QTWOzhPopBRo=
github.com/pkg/errors v0.8.1 h1:iURUrRGxPUNPdy5/HRSm+Yj6okJ6UtLINN0Q9M4+h3I=
github.com/pkg/errors v0.8.1/go.mod h1:bwawxfHBFNV+L2hUp1rHADufV3IMtnDRdf1r5NINEl0=
golang.org/x/net v0.53.0 h1:d+qAbo5L0orcWAr0a9JweQpjXF19LMXJE8Ey7hwOdUA=
golang.org/x/net v0.53.0/go.mod h1:JvMuJH7rrdiCfbeHoo3fCQU24Lf5JJwT9W3sJFulfgs=
